
Microsoft Visual Studio Solution File, Format Version 12.00
# Visual Studio Version 17
VisualStudioVersion = 17.14.36915.13
MinimumVisualStudioVersion = 10.0.40219.1
Project("{FAE04EC0-301F-11D3-BF4B-00C04F79EFBC}") = "C2_Client", "C2_Client.csproj", "{C2CF6A0B-4A52-4910-87BA-9D99A77DE086}"
EndProject
Project("{FAE04EC0-301F-11D3-BF4B-00C04F79EFBC}") = "ConsoleApp1", "..\ConsoleApp1\ConsoleApp1.csproj", "{C4B9395B-A1FC-4A3F-A568-BA33D980A545}"
EndProject
Global
	GlobalSection(SolutionConfigurationPlatforms) = preSolution
		Debug|Any CPU = Debug|Any CPU
		Release|Any CPU = Release|Any CPU
	EndGlobalSection
	GlobalSection(ProjectConfigurationPlatforms) = postSolution
		{C2CF6A0B-4A52-4910-87BA-9D99A77DE086}.Debug|Any CPU.ActiveCfg = Debug|Any CPU
		{C2CF6A0B-4A52-4910-87BA-9D99A77DE086}.Debug|Any CPU.Build.0 = Debug|Any CPU
		{C2CF6A0B-4A52-4910-87BA-9D99A77DE086}.Release|Any CPU.ActiveCfg = Release|Any CPU
		{C2CF6A0B-4A52-4910-87BA-9D99A77DE086}.Release|Any CPU.Build.0 = Release|Any CPU
		{C4B9395B-A1FC-4A3F-A568-BA33D980A545}.Debug|Any CPU.ActiveCfg = Debug|Any CPU
		{C4B9395B-A1FC-4A3F-A568-BA33D980A545}.Debug|Any CPU.Build.0 = Debug|Any CPU
		{C4B9395B-A1FC-4A3F-A568-BA33D980A545}.Release|Any CPU.ActiveCfg = Release|Any CPU
		{C4B9395B-A1FC-4A3F-A568-BA33D980A545}.Release|Any CPU.Build.0 = Release|Any CPU
	EndGlobalSection
	GlobalSection(SolutionProperties) = preSolution
		HideSolutionNode = FALSE
	EndGlobalSection
	GlobalSection(ExtensibilityGlobals) = postSolution
		SolutionGuid = {E4CF177A-1298-40A1-8052-69F180FF35EC}
	EndGlobalSection
EndGlobal
